
Microsoft Visual Studio Solution File, Format Version 12.00
Project("{FAE04EC0-301F-11D3-BF4B-00C04F79EFBC}") = "TelegramChatParser", "TelegramChatParser\TelegramChatParser.csproj", "{1E6DDAC1-C1D5-4372-BEA6-06A0C4DC63FD}"
EndProject
Global
	GlobalSection(SolutionConfigurationPlatforms) = preSolution
		Debug|Any CPU = Debug|Any CPU
		Release|Any CPU = Release|Any CPU
	EndGlobalSection
	GlobalSection(ProjectConfigurationPlatforms) = postSolution
		{1E6DDAC1-C1D5-4372-BEA6-06A0C4DC63FD}.Debug|Any CPU.ActiveCfg = Debug|Any CPU
		{1E6DDAC1-C1D5-4372-BEA6-06A0C4DC63FD}.Debug|Any CPU.Build.0 = Debug|Any CPU
		{1E6DDAC1-C1D5-4372-BEA6-06A0C4DC63FD}.Release|Any CPU.ActiveCfg = Release|Any CPU
		{1E6DDAC1-C1D5-4372-BEA6-06A0C4DC63FD}.Release|Any CPU.Build.0 = Release|Any CPU
	EndGlobalSection
EndGlobal
